
Microsoft Visual Studio Solution File, Format Version 12.00
# Visual Studio Version 17
VisualStudioVersion = 17.11.35219.272
MinimumVisualStudioVersion = 10.0.40219.1
Project("{FAE04EC0-301F-11D3-BF4B-00C04F79EFBC}") = "Task_Flow.WebAPI", "Task_Flow.WebAPI\Task_Flow.WebAPI.csproj", "{43BEC953-3E78-4632-A5B2-E07D13B80758}"
EndProject
Project("{FAE04EC0-301F-11D3-BF4B-00C04F79EFBC}") = "Task_Flow.Entities", "Task_Flow.Entities\Task_Flow.Entities.csproj", "{9C1C8CF6-2F71-41CF-B58E-D97BF4AE7909}"
EndProject
Project("{FAE04EC0-301F-11D3-BF4B-00C04F79EFBC}") = "Task_Flow.DataAccess", "Task_Flow.DataAccess\Task_Flow.DataAccess.csproj", "{95060771-43FF-4FDE-A123-0661E33E52CD}"
EndProject
Project("{FAE04EC0-301F-11D3-BF4B-00C04F79EFBC}") = "Task_Flow.Business", "Task_Flow.Business\Task_Flow.Business.csproj", "{FA38BB3C-E6D3-4F00-B13A-AFF2CA5405B9}"
EndProject
Project("{FAE04EC0-301F-11D3-BF4B-00C04F79EFBC}") = "Task_Flow.Core", "Task_Flow.Core\Task_Flow.Core.csproj", "{B8195BE3-B503-4046-AF79-73F5AE4158BF}"
EndProject
Global
	GlobalSection(SolutionConfigurationPlatforms) = preSolution
		Debug|Any CPU = Debug|Any CPU
		Release|Any CPU = Release|Any CPU
	EndGlobalSection
	GlobalSection(ProjectConfigurationPlatforms) = postSolution
		{43BEC953-3E78-4632-A5B2-E07D13B80758}.Debug|Any CPU.ActiveCfg = Debug|Any CPU
		{43BEC953-3E78-4632-A5B2-E07D13B80758}.Debug|Any CPU.Build.0 = Debug|Any CPU
		{43BEC953-3E78-4632-A5B2-E07D13B80758}.Release|Any CPU.ActiveCfg = Release|Any CPU
		{43BEC953-3E78-4632-A5B2-E07D13B80758}.Release|Any CPU.Build.0 = Release|Any CPU
		{9C1C8CF6-2F71-41CF-B58E-D97BF4AE7909}.Debug|Any CPU.ActiveCfg = Debug|Any CPU
		{9C1C8CF6-2F71-41CF-B58E-D97BF4AE7909}.Debug|Any CPU.Build.0 = Debug|Any CPU
		{9C1C8CF6-2F71-41CF-B58E-D97BF4AE7909}.Release|Any CPU.ActiveCfg = Release|Any CPU
		{9C1C8CF6-2F71-41CF-B58E-D97BF4AE7909}.Release|Any CPU.Build.0 = Release|Any CPU
		{95060771-43FF-4FDE-A123-0661E33E52CD}.Debug|Any CPU.ActiveCfg = Debug|Any CPU
		{95060771-43FF-4FDE-A123-0661E33E52CD}.Debug|Any CPU.Build.0 = Debug|Any CPU
		{95060771-43FF-4FDE-A123-0661E33E52CD}.Release|Any CPU.ActiveCfg = Release|Any CPU
		{95060771-43FF-4FDE-A123-0661E33E52CD}.Release|Any CPU.Build.0 = Release|Any CPU
		{FA38BB3C-E6D3-4F00-B13A-AFF2CA5405B9}.Debug|Any CPU.ActiveCfg = Debug|Any CPU
		{FA38BB3C-E6D3-4F00-B13A-AFF2CA5405B9}.Debug|Any CPU.Build.0 = Debug|Any CPU
		{FA38BB3C-E6D3-4F00-B13A-AFF2CA5405B9}.Release|Any CPU.ActiveCfg = Release|Any CPU
		{FA38BB3C-E6D3-4F00-B13A-AFF2CA5405B9}.Release|Any CPU.Build.0 = Release|Any CPU
		{B8195BE3-B503-4046-AF79-73F5AE4158BF}.Debug|Any CPU.ActiveCfg = Debug|Any CPU
		{B8195BE3-B503-4046-AF79-73F5AE4158BF}.Debug|Any CPU.Build.0 = Debug|Any CPU
		{B8195BE3-B503-4046-AF79-73F5AE4158BF}.Release|Any CPU.ActiveCfg = Release|Any CPU
		{B8195BE3-B503-4046-AF79-73F5AE4158BF}.Release|Any CPU.Build.0 = Release|Any CPU
	EndGlobalSection
	GlobalSection(SolutionProperties) = preSolution
		HideSolutionNode = FALSE
	EndGlobalSection
	GlobalSection(ExtensibilityGlobals) = postSolution
		SolutionGuid = {0F2A5093-2481-4E13-A681-19A13ABF038F}
	EndGlobalSection
EndGlobal
